<Solution>
  <Folder Name="/src/" />
  <Folder Name="/src/Aspire/">
    <Project Path="src/Aspire/Marketplace.AppHost/Marketplace.AppHost.csproj" />
    <Project Path="src/Aspire/Marketplace.ServiceDefaults/Marketplace.ServiceDefaults.csproj" />
  </Folder>
  <Folder Name="/src/BuildingBlocks/" />
  <Folder Name="/src/BuildingBlocks/Infrastructure/">
    <Project Path="src/BuildingBlocks/Infrastructure/BuildingBlocks.Infrastructure.csproj" />
  </Folder>
  <Folder Name="/src/BuildingBlocks/SharedContracts/">
    <Project Path="src/BuildingBlocks/SharedContracts/BuildingBlocks.SharedContracts.csproj" />
  </Folder>
  <Folder Name="/src/Gateways/">
    <Project Path="src/Gateways/ApiGateway/ApiGateway.csproj" />
  </Folder>
  <Folder Name="/src/Microservices/" />
  <Folder Name="/src/Microservices/Identity/">
    <Project Path="src/Microservices/Identity/Identity.API/Identity.API.csproj" />
    <Project Path="src/Microservices/Identity/Identity.Application/Identity.Application.csproj" />
    <Project Path="src/Microservices/Identity/Identity.Domain/Identity.Domain.csproj" />
    <Project Path="src/Microservices/Identity/Identity.Infrastructure/Identity.Infrastructure.csproj" />
  </Folder>
  <Folder Name="/tests/" />
  <Folder Name="/tests/IntegrationTests/">
    <Project Path="tests\IntegrationTests\ApiGateway.IntegrationTests\ApiGateway.IntegrationTests.csproj" Type="Classic C#" />
    <Project Path="tests\IntegrationTests\Identity.IntegrationTests\Identity.IntegrationTests.csproj" Type="Classic C#" />
    <Project Path="tests\IntegrationTests\Shared\IntegrationTests.Shared.csproj" Type="Classic C#" />
  </Folder>
  <Folder Name="/tests/UnitTests/">
    <Project Path="tests/UnitTests/ApiGateway.UnitTests/ApiGateway.UnitTests.csproj" />
    <Project Path="tests/UnitTests/BuildingBlocks.Infrastructure.UnitTests/BuildingBlocks.Infrastructure.UnitTests.csproj" />
    <Project Path="tests/UnitTests/Identity.UnitTests/Identity.UnitTests.csproj" />
  </Folder>
</Solution>