<Solution>
  <Folder Name="/src/" />
  <Folder Name="/src/Aspire/">
    <Project Path="src/Aspire/Marketplace.AppHost/Marketplace.AppHost.csproj" />
    <Project Path="src/Aspire/Marketplace.ServiceDefaults/Marketplace.ServiceDefaults.csproj" />
  </Folder>
  <Folder Name="/src/BuildingBlocks/" />
  <Folder Name="/src/BuildingBlocks/Infrastructure/">
    <Project Path="src/BuildingBlocks/Infrastructure/BuildingBlocks.Infrastructure.csproj" />
  </Folder>
  <Folder Name="/src/BuildingBlocks/SharedContracts/">
    <Project Path="src/BuildingBlocks/SharedContracts/BuildingBlocks.SharedContracts.csproj" />
  </Folder>
  <Folder Name="/src/Gateways/">
    <Project Path="src/Gateways/ApiGateway/ApiGateway.csproj" />
  </Folder>
  <Folder Name="/src/Microservices/" />
  <Folder Name="/src/Microservices/Cart/">
    <Project Path="src/Microservices/Cart/Cart.API/Cart.API.csproj" />
    <Project Path="src/Microservices/Cart/Cart.Application/Cart.Application.csproj" />
    <Project Path="src/Microservices/Cart/Cart.Domain/Cart.Domain.csproj" />
    <Project Path="src/Microservices/Cart/Cart.Infrastructure/Cart.Infrastructure.csproj" />
  </Folder>
  <Folder Name="/src/Microservices/Catalog/">
    <Project Path="src/Microservices/Catalog/Catalog.API/Catalog.API.csproj" />
    <Project Path="src/Microservices/Catalog/Catalog.Application/Catalog.Application.csproj" />
    <Project Path="src/Microservices/Catalog/Catalog.Domain/Catalog.Domain.csproj" />
    <Project Path="src/Microservices/Catalog/Catalog.Infrastructure/Catalog.Infrastructure.csproj" />
  </Folder>
  <Folder Name="/src/Microservices/Identity/">
    <Project Path="src/Microservices/Identity/Identity.API/Identity.API.csproj" />
    <Project Path="src/Microservices/Identity/Identity.Application/Identity.Application.csproj" />
    <Project Path="src/Microservices/Identity/Identity.Domain/Identity.Domain.csproj" />
    <Project Path="src/Microservices/Identity/Identity.Infrastructure/Identity.Infrastructure.csproj" />
  </Folder>
  <Folder Name="/src/Microservices/Inventory/">
    <Project Path="src/Microservices/Inventory/Inventory.API/Inventory.API.csproj" />
    <Project Path="src/Microservices/Inventory/Inventory.Application/Inventory.Application.csproj" />
    <Project Path="src/Microservices/Inventory/Inventory.Domain/Inventory.Domain.csproj" />
    <Project Path="src/Microservices/Inventory/Inventory.Infrastructure/Inventory.Infrastructure.csproj" />
  </Folder>
  <Folder Name="/src/Microservices/Media/">
    <Project Path="src/Microservices/Media/Media.API/Media.API.csproj" />
  </Folder>
  <Folder Name="/src/Microservices/Notification/">
    <Project Path="src/Microservices/Notification/Notification.Worker/Notification.Worker.csproj" />
  </Folder>
  <Folder Name="/src/Microservices/Ordering/">
    <Project Path="src/Microservices/Ordering/Ordering.API/Ordering.API.csproj" />
    <Project Path="src/Microservices/Ordering/Ordering.Application/Ordering.Application.csproj" />
    <Project Path="src/Microservices/Ordering/Ordering.Domain/Ordering.Domain.csproj" />
    <Project Path="src/Microservices/Ordering/Ordering.Infrastructure/Ordering.Infrastructure.csproj" />
  </Folder>
  <Folder Name="/src/Microservices/Payment/">
    <Project Path="src/Microservices/Payment/Payment.API/Payment.API.csproj" />
    <Project Path="src/Microservices/Payment/Payment.Application/Payment.Application.csproj" />
    <Project Path="src/Microservices/Payment/Payment.Domain/Payment.Domain.csproj" />
    <Project Path="src/Microservices/Payment/Payment.Infrastructure/Payment.Infrastructure.csproj" />
  </Folder>
  <Folder Name="/src/Microservices/Search/">
    <Project Path="src/Microservices/Search/Search.API/Search.API.csproj" />
  </Folder>
  <Folder Name="/src/Microservices/StoreManagement/">
    <Project Path="src/Microservices/StoreManagement/StoreManagement.API/StoreManagement.API.csproj" />
    <Project Path="src/Microservices/StoreManagement/StoreManagement.Application/StoreManagement.Application.csproj" />
    <Project Path="src/Microservices/StoreManagement/StoreManagement.Domain/StoreManagement.Domain.csproj" />
    <Project Path="src/Microservices/StoreManagement/StoreManagement.Infrastructure/StoreManagement.Infrastructure.csproj" />
  </Folder>
  <Folder Name="/tests/">
    <Project Path="tests\ContractTests\ContractTests.csproj" Type="Classic C#" />
  </Folder>
  <Folder Name="/tests/BuildingBlocks/">
    <Project Path="tests/BuildingBlocks/BuildingBlocks.SharedContracts.UnitTests/BuildingBlocks.SharedContracts.UnitTests.csproj" />
  </Folder>
  <Folder Name="/tests/IntegrationTests/">
    <Project Path="tests/IntegrationTests/ApiGateway.IntegrationTests/ApiGateway.IntegrationTests.csproj" />
    <Project Path="tests/IntegrationTests/Cart.IntegrationTests/Cart.IntegrationTests.csproj" />
    <Project Path="tests/IntegrationTests/Catalog.IntegrationTests/Catalog.IntegrationTests.csproj" />
    <Project Path="tests/IntegrationTests/Identity.IntegrationTests/Identity.IntegrationTests.csproj" />
    <Project Path="tests/IntegrationTests/Inventory.IntegrationTests/Inventory.IntegrationTests.csproj" />
    <Project Path="tests/IntegrationTests/Search.IntegrationTests/Search.IntegrationTests.csproj" />
    <Project Path="tests/IntegrationTests/Shared/IntegrationTests.Shared.csproj" />
  </Folder>
  <Folder Name="/tests/UnitTests/">
    <Project Path="tests/UnitTests/ApiGateway.UnitTests/ApiGateway.UnitTests.csproj" />
    <Project Path="tests/UnitTests/BuildingBlocks.Infrastructure.UnitTests/BuildingBlocks.Infrastructure.UnitTests.csproj" />
    <Project Path="tests/UnitTests/Cart.UnitTests/Cart.UnitTests.csproj" />
    <Project Path="tests/UnitTests/Catalog.UnitTests/Catalog.UnitTests.csproj" />
    <Project Path="tests/UnitTests/Identity.UnitTests/Identity.UnitTests.csproj" />
    <Project Path="tests/UnitTests/Inventory.UnitTests/Inventory.UnitTests.csproj" />
    <Project Path="tests/UnitTests/Notification.UnitTests/Notification.UnitTests.csproj" />
    <Project Path="tests/UnitTests/Ordering.UnitTests/Ordering.UnitTests.csproj" />
    <Project Path="tests/UnitTests/Payment.UnitTests/Payment.UnitTests.csproj" />
    <Project Path="tests/UnitTests/Search.UnitTests/Search.UnitTests.csproj" />
    <Project Path="tests/UnitTests/StoreManagement.UnitTests/StoreManagement.UnitTests.csproj" />
  </Folder>
</Solution>
