<Solution>
  <Folder Name="/src/" />
  <Folder Name="/src/Aspire/">
    <Project Path="src/Aspire/Marketplace.AppHost/Marketplace.AppHost.csproj" />
    <Project Path="src/Aspire/Marketplace.ServiceDefaults/Marketplace.ServiceDefaults.csproj" />
  </Folder>
  <Folder Name="/src/BuildingBlocks/" />
  <Folder Name="/src/BuildingBlocks/Infrastructure/">
    <Project Path="src/BuildingBlocks/Infrastructure/BuildingBlocks.Infrastructure.csproj" />
  </Folder>
  <Folder Name="/src/BuildingBlocks/SharedContracts/">
    <Project Path="src/BuildingBlocks/SharedContracts/BuildingBlocks.SharedContracts.csproj" />
  </Folder>
  <Folder Name="/tests/" />
  <Folder Name="/tests/BuildingBlocks/">
    <Project Path="tests/BuildingBlocks/BuildingBlocks.Infrastructure.UnitTests/BuildingBlocks.Infrastructure.UnitTests.csproj" />
  </Folder>
</Solution>
